
Microsoft Visual Studio Solution File, Format Version 12.00
# Visual Studio Version 16
VisualStudioVersion = 16.0.31321.278
MinimumVisualStudioVersion = 10.0.40219.1
Project("{FAE04EC0-301F-11D3-BF4B-00C04F79EFBC}") = "MvcHelloWorld.Web", "MvcHelloWorld.Web\MvcHelloWorld.Web.csproj", "{D41D4FCB-25DA-4B79-A5D6-86958CEAC61D}"
EndProject
Project("{FAE04EC0-301F-11D3-BF4B-00C04F79EFBC}") = "MvcHelloWorld.NetCore.Web", "MvcHelloWorld.NetCore.Web\MvcHelloWorld.NetCore.Web.csproj", "{CCD5E78C-E5F6-412E-8B8C-6C78509BAC5D}"
EndProject
Global
	GlobalSection(SolutionConfigurationPlatforms) = preSolution
		Debug|Any CPU = Debug|Any CPU
		Release|Any CPU = Release|Any CPU
	EndGlobalSection
	GlobalSection(ProjectConfigurationPlatforms) = postSolution
		{D41D4FCB-25DA-4B79-A5D6-86958CEAC61D}.Debug|Any CPU.ActiveCfg = Debug|Any CPU
		{D41D4FCB-25DA-4B79-A5D6-86958CEAC61D}.Debug|Any CPU.Build.0 = Debug|Any CPU
		{D41D4FCB-25DA-4B79-A5D6-86958CEAC61D}.Release|Any CPU.ActiveCfg = Release|Any CPU
		{D41D4FCB-25DA-4B79-A5D6-86958CEAC61D}.Release|Any CPU.Build.0 = Release|Any CPU
		{CCD5E78C-E5F6-412E-8B8C-6C78509BAC5D}.Debug|Any CPU.ActiveCfg = Debug|Any CPU
		{CCD5E78C-E5F6-412E-8B8C-6C78509BAC5D}.Debug|Any CPU.Build.0 = Debug|Any CPU
		{CCD5E78C-E5F6-412E-8B8C-6C78509BAC5D}.Release|Any CPU.ActiveCfg = Release|Any CPU
		{CCD5E78C-E5F6-412E-8B8C-6C78509BAC5D}.Release|Any CPU.Build.0 = Release|Any CPU
	EndGlobalSection
	GlobalSection(SolutionProperties) = preSolution
		HideSolutionNode = FALSE
	EndGlobalSection
	GlobalSection(ExtensibilityGlobals) = postSolution
		SolutionGuid = {984AA5E8-3132-41B0-B1F7-EF7626C7594E}
	EndGlobalSection
EndGlobal
